
Microsoft Visual Studio Solution File, Format Version 12.00
# Visual Studio Version 16
VisualStudioVersion = 16.0.29709.97
MinimumVisualStudioVersion = 10.0.40219.1
Project("{FAE04EC0-301F-11D3-BF4B-00C04F79EFBC}") = "CICDTestProject", "CICDTestProject.csproj", "{A58D7D05-B40B-4A3F-9C7D-5971E044B797}"
EndProject
Global
	GlobalSection(SolutionConfigurationPlatforms) = preSolution
		Debug|Any CPU = Debug|Any CPU
		Release|Any CPU = Release|Any CPU
	EndGlobalSection
	GlobalSection(ProjectConfigurationPlatforms) = postSolution
		{A58D7D05-B40B-4A3F-9C7D-5971E044B797}.Debug|Any CPU.ActiveCfg = Debug|Any CPU
		{A58D7D05-B40B-4A3F-9C7D-5971E044B797}.Debug|Any CPU.Build.0 = Debug|Any CPU
		{A58D7D05-B40B-4A3F-9C7D-5971E044B797}.Release|Any CPU.ActiveCfg = Release|Any CPU
		{A58D7D05-B40B-4A3F-9C7D-5971E044B797}.Release|Any CPU.Build.0 = Release|Any CPU
	EndGlobalSection
	GlobalSection(SolutionProperties) = preSolution
		HideSolutionNode = FALSE
	EndGlobalSection
	GlobalSection(ExtensibilityGlobals) = postSolution
		SolutionGuid = {B7C000F8-AE88-4D1D-897B-CF7113529B78}
	EndGlobalSection
EndGlobal
